{
  "name": "example",
  "version": "1.0.0",
  "lockfileVersion": 2,
  "requires": true,
  "packages": {
    "": {
      "name": "example",
      "version": "1.0.0",
      "license": "ISC",
      "devDependencies": {
        "@types/aws-lambda": "^8.10.83",
        "lambda-result": "^1.0.0",
        "typescript": "^4.4.3"
      }
    },
    "node_modules/@types/aws-lambda": {
      "version": "8.10.83",
      "resolved": "https://registry.npmjs.org/@types/aws-lambda/-/aws-lambda-8.10.83.tgz",
      "integrity": "sha512-7YsLv/B8rF7K7jYAGmYBxLq3QU+hQV7qNJBMcSCmJCTcXuzoTKGBX8d4v9CsVs0SOKBSAErXG7rtk8jVxiP30g==",
      "dev": true
    },
    "node_modules/lambda-result": {
      "version": "1.0.0",
      "resolved": "https://registry.npmjs.org/lambda-result/-/lambda-result-1.0.0.tgz",
      "integrity": "sha512-Rm72MsWBirqgxd+WFoDnKASiUleE1vyqOwy6vr60eaxyR2A5x3MvyCj/CfZwZ5svAcNnFwTmw4xNNxx4ndOj9A==",
      "dev": true
    },
    "node_modules/typescript": {
      "version": "4.4.3",
      "resolved": "https://registry.npmjs.org/typescript/-/typescript-4.4.3.tgz",
      "integrity": "sha512-4xfscpisVgqqDfPaJo5vkd+Qd/ItkoagnHpufr+i2QCHBsNYp+G7UAoyFl8aPtx879u38wPV65rZ8qbGZijalA==",
      "dev": true,
      "bin": {
        "tsc": "bin/tsc",
        "tsserver": "bin/tsserver"
      },
      "engines": {
        "node": ">=4.2.0"
      }
    }
  },
  "dependencies": {
    "@types/aws-lambda": {
      "version": "8.10.83",
      "resolved": "https://registry.npmjs.org/@types/aws-lambda/-/aws-lambda-8.10.83.tgz",
      "integrity": "sha512-7YsLv/B8rF7K7jYAGmYBxLq3QU+hQV7qNJBMcSCmJCTcXuzoTKGBX8d4v9CsVs0SOKBSAErXG7rtk8jVxiP30g==",
      "dev": true
    },
    "lambda-result": {
      "version": "1.0.0",
      "resolved": "https://registry.npmjs.org/lambda-result/-/lambda-result-1.0.0.tgz",
      "integrity": "sha512-Rm72MsWBirqgxd+WFoDnKASiUleE1vyqOwy6vr60eaxyR2A5x3MvyCj/CfZwZ5svAcNnFwTmw4xNNxx4ndOj9A==",
      "dev": true
    },
    "typescript": {
      "version": "4.4.3",
      "resolved": "https://registry.npmjs.org/typescript/-/typescript-4.4.3.tgz",
      "integrity": "sha512-4xfscpisVgqqDfPaJo5vkd+Qd/ItkoagnHpufr+i2QCHBsNYp+G7UAoyFl8aPtx879u38wPV65rZ8qbGZijalA==",
      "dev": true
    }
  }
}
